
Microsoft Visual Studio Solution File, Format Version 12.00
# Visual Studio Version 17
VisualStudioVersion = 17.6.33723.286
MinimumVisualStudioVersion = 10.0.40219.1
Project("{FAE04EC0-301F-11D3-BF4B-00C04F79EFBC}") = "ConsoleAppCollections", "ConsoleAppCollections.csproj", "{DA1716D1-255F-4841-8837-9E6DA573867B}"
EndProject
Global
	GlobalSection(SolutionConfigurationPlatforms) = preSolution
		Debug|Any CPU = Debug|Any CPU
		Release|Any CPU = Release|Any CPU
	EndGlobalSection
	GlobalSection(ProjectConfigurationPlatforms) = postSolution
		{DA1716D1-255F-4841-8837-9E6DA573867B}.Debug|Any CPU.ActiveCfg = Debug|Any CPU
		{DA1716D1-255F-4841-8837-9E6DA573867B}.Debug|Any CPU.Build.0 = Debug|Any CPU
		{DA1716D1-255F-4841-8837-9E6DA573867B}.Release|Any CPU.ActiveCfg = Release|Any CPU
		{DA1716D1-255F-4841-8837-9E6DA573867B}.Release|Any CPU.Build.0 = Release|Any CPU
	EndGlobalSection
	GlobalSection(SolutionProperties) = preSolution
		HideSolutionNode = FALSE
	EndGlobalSection
	GlobalSection(ExtensibilityGlobals) = postSolution
		SolutionGuid = {7459281C-C80F-4E36-9EE5-CA55A7F5039A}
	EndGlobalSection
EndGlobal
